
Microsoft Visual Studio Solution File, Format Version 12.00
# Visual Studio 15
VisualStudioVersion = 15.0.27130.2027
MinimumVisualStudioVersion = 10.0.40219.1
Project("{FAE04EC0-301F-11D3-BF4B-00C04F79EFBC}") = "SeleniumTestDemo", "SeleniumTestDemo\SeleniumTestDemo.csproj", "{2D3D40BD-7393-4763-8829-B64A16923DE3}"
EndProject
Global
	GlobalSection(SolutionConfigurationPlatforms) = preSolution
		Debug|Any CPU = Debug|Any CPU
		Release|Any CPU = Release|Any CPU
	EndGlobalSection
	GlobalSection(ProjectConfigurationPlatforms) = postSolution
		{2D3D40BD-7393-4763-8829-B64A16923DE3}.Debug|Any CPU.ActiveCfg = Debug|Any CPU
		{2D3D40BD-7393-4763-8829-B64A16923DE3}.Debug|Any CPU.Build.0 = Debug|Any CPU
		{2D3D40BD-7393-4763-8829-B64A16923DE3}.Release|Any CPU.ActiveCfg = Release|Any CPU
		{2D3D40BD-7393-4763-8829-B64A16923DE3}.Release|Any CPU.Build.0 = Release|Any CPU
	EndGlobalSection
	GlobalSection(SolutionProperties) = preSolution
		HideSolutionNode = FALSE
	EndGlobalSection
	GlobalSection(ExtensibilityGlobals) = postSolution
		SolutionGuid = {ADC364FD-79A3-4678-87A8-5797664D4637}
	EndGlobalSection
EndGlobal
